
Microsoft Visual Studio Solution File, Format Version 12.00
# Visual Studio Version 17
VisualStudioVersion = 17.0.31903.59
MinimumVisualStudioVersion = 10.0.40219.1
Project("{FAE04EC0-301F-11D3-BF4B-00C04F79EFBC}") = "section_1", "section_1\section_1.csproj", "{7ACDC8DA-81AB-41CC-898C-114A4A61166C}"
EndProject
Project("{FAE04EC0-301F-11D3-BF4B-00C04F79EFBC}") = "section_1_test", "section_1_test\section_1_test.csproj", "{96FE44A4-42CA-4985-92D1-26CFA584B29B}"
EndProject
Global
	GlobalSection(SolutionConfigurationPlatforms) = preSolution
		Debug|Any CPU = Debug|Any CPU
		Release|Any CPU = Release|Any CPU
	EndGlobalSection
	GlobalSection(SolutionProperties) = preSolution
		HideSolutionNode = FALSE
	EndGlobalSection
	GlobalSection(ProjectConfigurationPlatforms) = postSolution
		{7ACDC8DA-81AB-41CC-898C-114A4A61166C}.Debug|Any CPU.ActiveCfg = Debug|Any CPU
		{7ACDC8DA-81AB-41CC-898C-114A4A61166C}.Debug|Any CPU.Build.0 = Debug|Any CPU
		{7ACDC8DA-81AB-41CC-898C-114A4A61166C}.Release|Any CPU.ActiveCfg = Release|Any CPU
		{7ACDC8DA-81AB-41CC-898C-114A4A61166C}.Release|Any CPU.Build.0 = Release|Any CPU
		{96FE44A4-42CA-4985-92D1-26CFA584B29B}.Debug|Any CPU.ActiveCfg = Debug|Any CPU
		{96FE44A4-42CA-4985-92D1-26CFA584B29B}.Debug|Any CPU.Build.0 = Debug|Any CPU
		{96FE44A4-42CA-4985-92D1-26CFA584B29B}.Release|Any CPU.ActiveCfg = Release|Any CPU
		{96FE44A4-42CA-4985-92D1-26CFA584B29B}.Release|Any CPU.Build.0 = Release|Any CPU
	EndGlobalSection
EndGlobal
